// !$*UTF8*$!
{
	archiveVersion = 1;
	classes = {
	};
	objectVersion = 46;
	objects = {

/* Begin PBXBuildFile section */
		0A52C1641377233F00A23E91 /* UIKit.framework in Frameworks */ = {isa = PBXBuildFile; fileRef = 0A52C1631377233F00A23E91 /* UIKit.framework */; };
		0A52C1661377233F00A23E91 /* Foundation.framework in Frameworks */ = {isa = PBXBuildFile; fileRef = 0A52C1651377233F00A23E91 /* Foundation.framework */; };
		0A52C1681377233F00A23E91 /* CoreGraphics.framework in Frameworks */ = {isa = PBXBuildFile; fileRef = 0A52C1671377233F00A23E91 /* CoreGraphics.framework */; };
		0A52C16A1377233F00A23E91 /* CoreData.framework in Frameworks */ = {isa = PBXBuildFile; fileRef = 0A52C1691377233F00A23E91 /* CoreData.framework */; };
		0A52C1701377233F00A23E91 /* InfoPlist.strings in Resources */ = {isa = PBXBuildFile; fileRef = 0A52C16E1377233F00A23E91 /* InfoPlist.strings */; };
		0A52C1731377233F00A23E91 /* main.m in Sources */ = {isa = PBXBuildFile; fileRef = 0A52C1721377233F00A23E91 /* main.m */; };
		0A52C1761377233F00A23E91 /* ScormTestAppDelegate.m in Sources */ = {isa = PBXBuildFile; fileRef = 0A52C1751377233F00A23E91 /* ScormTestAppDelegate.m */; };
		0A52C1791377233F00A23E91 /* ScormTest.xcdatamodeld in Sources */ = {isa = PBXBuildFile; fileRef = 0A52C1771377233F00A23E91 /* ScormTest.xcdatamodeld */; };
		0A52C17C1377233F00A23E91 /* MainWindow.xib in Resources */ = {isa = PBXBuildFile; fileRef = 0A52C17A1377233F00A23E91 /* MainWindow.xib */; };
		0A52C17F1377233F00A23E91 /* DetailViewController.m in Sources */ = {isa = PBXBuildFile; fileRef = 0A52C17E1377233F00A23E91 /* DetailViewController.m */; };
		0A52C1821377233F00A23E91 /* DetailView.xib in Resources */ = {isa = PBXBuildFile; fileRef = 0A52C1801377233F00A23E91 /* DetailView.xib */; };
		0A52C1851377233F00A23E91 /* RootViewController.m in Sources */ = {isa = PBXBuildFile; fileRef = 0A52C1841377233F00A23E91 /* RootViewController.m */; };
		0A52C18C1377233F00A23E91 /* UIKit.framework in Frameworks */ = {isa = PBXBuildFile; fileRef = 0A52C1631377233F00A23E91 /* UIKit.framework */; };
		0A52C18D1377233F00A23E91 /* Foundation.framework in Frameworks */ = {isa = PBXBuildFile; fileRef = 0A52C1651377233F00A23E91 /* Foundation.framework */; };
		0A52C18E1377233F00A23E91 /* CoreGraphics.framework in Frameworks */ = {isa = PBXBuildFile; fileRef = 0A52C1671377233F00A23E91 /* CoreGraphics.framework */; };
		0A52C18F1377233F00A23E91 /* CoreData.framework in Frameworks */ = {isa = PBXBuildFile; fileRef = 0A52C1691377233F00A23E91 /* CoreData.framework */; };
		0A52C1971377233F00A23E91 /* InfoPlist.strings in Resources */ = {isa = PBXBuildFile; fileRef = 0A52C1951377233F00A23E91 /* InfoPlist.strings */; };
		0A52C19A1377233F00A23E91 /* ScormTestTests.h in Resources */ = {isa = PBXBuildFile; fileRef = 0A52C1991377233F00A23E91 /* ScormTestTests.h */; };
		0A52C19C1377233F00A23E91 /* ScormTestTests.m in Sources */ = {isa = PBXBuildFile; fileRef = 0A52C19B1377233F00A23E91 /* ScormTestTests.m */; };
/* End PBXBuildFile section */

/* Begin PBXContainerItemProxy section */
		0A52C1901377233F00A23E91 /* PBXContainerItemProxy */ = {
			isa = PBXContainerItemProxy;
			containerPortal = 0A52C1561377233E00A23E91 /* Project object */;
			proxyType = 1;
			remoteGlobalIDString = 0A52C15E1377233E00A23E91;
			remoteInfo = ScormTest;
		};
/* End PBXContainerItemProxy section */

/* Begin PBXFileReference section */
		0A52C15F1377233F00A23E91 /* ScormTest.app */ = {isa = PBXFileReference; explicitFileType = wrapper.application; includeInIndex = 0; path = ScormTest.app; sourceTree = BUILT_PRODUCTS_DIR; };
		0A52C1631377233F00A23E91 /* UIKit.framework */ = {isa = PBXFileReference; lastKnownFileType = wrapper.framework; name = UIKit.framework; path = System/Library/Frameworks/UIKit.framework; sourceTree = SDKROOT; };
		0A52C1651377233F00A23E91 /* Foundation.framework */ = {isa = PBXFileReference; lastKnownFileType = wrapper.framework; name = Foundation.framework; path = System/Library/Frameworks/Foundation.framework; sourceTree = SDKROOT; };
		0A52C1671377233F00A23E91 /* CoreGraphics.framework */ = {isa = PBXFileReference; lastKnownFileType = wrapper.framework; name = CoreGraphics.framework; path = System/Library/Frameworks/CoreGraphics.framework; sourceTree = SDKROOT; };
		0A52C1691377233F00A23E91 /* CoreData.framework */ = {isa = PBXFileReference; lastKnownFileType = wrapper.framework; name = CoreData.framework; path = System/Library/Frameworks/CoreData.framework; sourceTree = SDKROOT; };
		0A52C16D1377233F00A23E91 /* ScormTest-Info.plist */ = {isa = PBXFileReference; path = "ScormTest-Info.plist"; sourceTree = "<group>"; };
		0A52C16F1377233F00A23E91 /* en */ = {isa = PBXFileReference; lastKnownFileType = text.plist.strings; name = en; path = en.lproj/InfoPlist.strings; sourceTree = "<group>"; };
		0A52C1711377233F00A23E91 /* ScormTest-Prefix.pch */ = {isa = PBXFileReference; path = "ScormTest-Prefix.pch"; sourceTree = "<group>"; };
		0A52C1721377233F00A23E91 /* main.m */ = {isa = PBXFileReference; lastKnownFileType = sourcecode.c.objc; path = main.m; sourceTree = "<group>"; };
		0A52C1741377233F00A23E91 /* ScormTestAppDelegate.h */ = {isa = PBXFileReference; path = ScormTestAppDelegate.h; sourceTree = "<group>"; };
		0A52C1751377233F00A23E91 /* ScormTestAppDelegate.m */ = {isa = PBXFileReference; lastKnownFileType = sourcecode.c.objc; path = ScormTestAppDelegate.m; sourceTree = "<group>"; };
		0A52C1781377233F00A23E91 /* ScormTest.xcdatamodel */ = {isa = PBXFileReference; lastKnownFileType = wrapper.xcdatamodel; path = ScormTest.xcdatamodel; sourceTree = "<group>"; };
		0A52C17B1377233F00A23E91 /* en */ = {isa = PBXFileReference; lastKnownFileType = file.xib; name = en; path = en.lproj/MainWindow.xib; sourceTree = "<group>"; };
		0A52C17D1377233F00A23E91 /* DetailViewController.h */ = {isa = PBXFileReference; path = DetailViewController.h; sourceTree = "<group>"; };
		0A52C17E1377233F00A23E91 /* DetailViewController.m */ = {isa = PBXFileReference; lastKnownFileType = sourcecode.c.objc; path = DetailViewController.m; sourceTree = "<group>"; };
		0A52C1811377233F00A23E91 /* en */ = {isa = PBXFileReference; lastKnownFileType = file.xib; name = en; path = en.lproj/DetailView.xib; sourceTree = "<group>"; };
		0A52C1831377233F00A23E91 /* RootViewController.h */ = {isa = PBXFileReference; path = RootViewController.h; sourceTree = "<group>"; };
		0A52C1841377233F00A23E91 /* RootViewController.m */ = {isa = PBXFileReference; lastKnownFileType = sourcecode.c.objc; path = RootViewController.m; sourceTree = "<group>"; };
		0A52C18B1377233F00A23E91 /* ScormTestTests.octest */ = {isa = PBXFileReference; explicitFileType = wrapper.cfbundle; includeInIndex = 0; path = ScormTestTests.octest; sourceTree = BUILT_PRODUCTS_DIR; };
		0A52C1941377233F00A23E91 /* ScormTestTests-Info.plist */ = {isa = PBXFileReference; path = "ScormTestTests-Info.plist"; sourceTree = "<group>"; };
		0A52C1961377233F00A23E91 /* en */ = {isa = PBXFileReference; lastKnownFileType = text.plist.strings; name = en; path = en.lproj/InfoPlist.strings; sourceTree = "<group>"; };
		0A52C1981377233F00A23E91 /* ScormTestTests-Prefix.pch */ = {isa = PBXFileReference; path = "ScormTestTests-Prefix.pch"; sourceTree = "<group>"; };
		0A52C1991377233F00A23E91 /* ScormTestTests.h */ = {isa = PBXFileReference; lastKnownFileType = sourcecode.c.h; path = ScormTestTests.h; sourceTree = "<group>"; };
		0A52C19B1377233F00A23E91 /* ScormTestTests.m */ = {isa = PBXFileReference; lastKnownFileType = sourcecode.c.objc; path = ScormTestTests.m; sourceTree = "<group>"; };
/* End PBXFileReference section */

/* Begin PBXFrameworksBuildPhase section */
		0A52C15C1377233E00A23E91 /* Frameworks */ = {
			isa = PBXFrameworksBuildPhase;
			buildActionMask = 2147483647;
			files = (
				0A52C1641377233F00A23E91 /* UIKit.framework in Frameworks */,
				0A52C1661377233F00A23E91 /* Foundation.framework in Frameworks */,
				0A52C1681377233F00A23E91 /* CoreGraphics.framework in Frameworks */,
				0A52C16A1377233F00A23E91 /* CoreData.framework in Frameworks */,
			);
			runOnlyForDeploymentPostprocessing = 0;
		};
		0A52C1871377233F00A23E91 /* Frameworks */ = {
			isa = PBXFrameworksBuildPhase;
			buildActionMask = 2147483647;
			files = (
				0A52C18C1377233F00A23E91 /* UIKit.framework in Frameworks */,
				0A52C18D1377233F00A23E91 /* Foundation.framework in Frameworks */,
				0A52C18E1377233F00A23E91 /* CoreGraphics.framework in Frameworks */,
				0A52C18F1377233F00A23E91 /* CoreData.framework in Frameworks */,
			);
			runOnlyForDeploymentPostprocessing = 0;
		};
/* End PBXFrameworksBuildPhase section */

/* Begin PBXGroup section */
		0A52C1541377233E00A23E91 = {
			isa = PBXGroup;
			children = (
				0A52C16B1377233F00A23E91 /* ScormTest */,
				0A52C1921377233F00A23E91 /* ScormTestTests */,
				0A52C1621377233F00A23E91 /* Frameworks */,
				0A52C1601377233F00A23E91 /* Products */,
			);
			sourceTree = "<group>";
		};
		0A52C1601377233F00A23E91 /* Products */ = {
			isa = PBXGroup;
			children = (
				0A52C15F1377233F00A23E91 /* ScormTest.app */,
				0A52C18B1377233F00A23E91 /* ScormTestTests.octest */,
			);
			name = Products;
			sourceTree = "<group>";
		};
		0A52C1621377233F00A23E91 /* Frameworks */ = {
			isa = PBXGroup;
			children = (
				0A52C1631377233F00A23E91 /* UIKit.framework */,
				0A52C1651377233F00A23E91 /* Foundation.framework */,
				0A52C1671377233F00A23E91 /* CoreGraphics.framework */,
				0A52C1691377233F00A23E91 /* CoreData.framework */,
			);
			name = Frameworks;
			sourceTree = "<group>";
		};
		0A52C16B1377233F00A23E91 /* ScormTest */ = {
			isa = PBXGroup;
			children = (
				0A52C1741377233F00A23E91 /* ScormTestAppDelegate.h */,
				0A52C1751377233F00A23E91 /* ScormTestAppDelegate.m */,
				0A52C17A1377233F00A23E91 /* MainWindow.xib */,
				0A52C17D1377233F00A23E91 /* DetailViewController.h */,
				0A52C17E1377233F00A23E91 /* DetailViewController.m */,
				0A52C1801377233F00A23E91 /* DetailView.xib */,
				0A52C1831377233F00A23E91 /* RootViewController.h */,
				0A52C1841377233F00A23E91 /* RootViewController.m */,
				0A52C1771377233F00A23E91 /* ScormTest.xcdatamodeld */,
				0A52C16C1377233F00A23E91 /* Supporting Files */,
			);
			path = ScormTest;
			sourceTree = "<group>";
		};
		0A52C16C1377233F00A23E91 /* Supporting Files */ = {
			isa = PBXGroup;
			children = (
				0A52C16D1377233F00A23E91 /* ScormTest-Info.plist */,
				0A52C16E1377233F00A23E91 /* InfoPlist.strings */,
				0A52C1711377233F00A23E91 /* ScormTest-Prefix.pch */,
				0A52C1721377233F00A23E91 /* main.m */,
			);
			name = "Supporting Files";
			sourceTree = "<group>";
		};
		0A52C1921377233F00A23E91 /* ScormTestTests */ = {
			isa = PBXGroup;
			children = (
				0A52C1991377233F00A23E91 /* ScormTestTests.h */,
				0A52C19B1377233F00A23E91 /* ScormTestTests.m */,
				0A52C1931377233F00A23E91 /* Supporting Files */,
			);
			path = ScormTestTests;
			sourceTree = "<group>";
		};
		0A52C1931377233F00A23E91 /* Supporting Files */ = {
			isa = PBXGroup;
			children = (
				0A52C1941377233F00A23E91 /* ScormTestTests-Info.plist */,
				0A52C1951377233F00A23E91 /* InfoPlist.strings */,
				0A52C1981377233F00A23E91 /* ScormTestTests-Prefix.pch */,
			);
			name = "Supporting Files";
			sourceTree = "<group>";
		};
/* End PBXGroup section */

/* Begin PBXNativeTarget section */
		0A52C15E1377233E00A23E91 /* ScormTest */ = {
			isa = PBXNativeTarget;
			buildConfigurationList = 0A52C19F1377233F00A23E91 /* Build configuration list for PBXNativeTarget "ScormTest" */;
			buildPhases = (
				0A52C15B1377233E00A23E91 /* Sources */,
				0A52C15C1377233E00A23E91 /* Frameworks */,
				0A52C15D1377233E00A23E91 /* Resources */,
			);
			buildRules = (
			);
			dependencies = (
			);
			name = ScormTest;
			productName = ScormTest;
			productReference = 0A52C15F1377233F00A23E91 /* ScormTest.app */;
			productType = "com.apple.product-type.application";
		};
		0A52C18A1377233F00A23E91 /* ScormTestTests */ = {
			isa = PBXNativeTarget;
			buildConfigurationList = 0A52C1A21377233F00A23E91 /* Build configuration list for PBXNativeTarget "ScormTestTests" */;
			buildPhases = (
				0A52C1861377233F00A23E91 /* Sources */,
				0A52C1871377233F00A23E91 /* Frameworks */,
				0A52C1881377233F00A23E91 /* Resources */,
				0A52C1891377233F00A23E91 /* ShellScript */,
			);
			buildRules = (
			);
			dependencies = (
				0A52C1911377233F00A23E91 /* PBXTargetDependency */,
			);
			name = ScormTestTests;
			productName = ScormTestTests;
			productReference = 0A52C18B1377233F00A23E91 /* ScormTestTests.octest */;
			productType = "com.apple.product-type.bundle";
		};
/* End PBXNativeTarget section */

/* Begin PBXProject section */
		0A52C1561377233E00A23E91 /* Project object */ = {
			isa = PBXProject;
			attributes = {
				ORGANIZATIONNAME = None;
			};
			buildConfigurationList = 0A52C1591377233E00A23E91 /* Build configuration list for PBXProject "ScormTest" */;
			compatibilityVersion = "Xcode 3.2";
			developmentRegion = English;
			hasScannedForEncodings = 0;
			knownRegions = (
				en,
			);
			mainGroup = 0A52C1541377233E00A23E91;
			productRefGroup = 0A52C1601377233F00A23E91 /* Products */;
			projectDirPath = "";
			projectRoot = "";
			targets = (
				0A52C15E1377233E00A23E91 /* ScormTest */,
				0A52C18A1377233F00A23E91 /* ScormTestTests */,
			);
		};
/* End PBXProject section */

/* Begin PBXResourcesBuildPhase section */
		0A52C15D1377233E00A23E91 /* Resources */ = {
			isa = PBXResourcesBuildPhase;
			buildActionMask = 2147483647;
			files = (
				0A52C1701377233F00A23E91 /* InfoPlist.strings in Resources */,
				0A52C17C1377233F00A23E91 /* MainWindow.xib in Resources */,
				0A52C1821377233F00A23E91 /* DetailView.xib in Resources */,
			);
			runOnlyForDeploymentPostprocessing = 0;
		};
		0A52C1881377233F00A23E91 /* Resources */ = {
			isa = PBXResourcesBuildPhase;
			buildActionMask = 2147483647;
			files = (
				0A52C1971377233F00A23E91 /* InfoPlist.strings in Resources */,
				0A52C19A1377233F00A23E91 /* ScormTestTests.h in Resources */,
			);
			runOnlyForDeploymentPostprocessing = 0;
		};
/* End PBXResourcesBuildPhase section */

/* Begin PBXShellScriptBuildPhase section */
		0A52C1891377233F00A23E91 /* ShellScript */ = {
			isa = PBXShellScriptBuildPhase;
			buildActionMask = 2147483647;
			files = (
			);
			inputPaths = (
			);
			outputPaths = (
			);
			runOnlyForDeploymentPostprocessing = 0;
			shellPath = /bin/sh;
			shellScript = "# Run the unit tests in this test bundle.\n\"${SYSTEM_DEVELOPER_DIR}/Tools/RunUnitTests\"\n";
		};
/* End PBXShellScriptBuildPhase section */

/* Begin PBXSourcesBuildPhase section */
		0A52C15B1377233E00A23E91 /* Sources */ = {
			isa = PBXSourcesBuildPhase;
			buildActionMask = 2147483647;
			files = (
				0A52C1731377233F00A23E91 /* main.m in Sources */,
				0A52C1761377233F00A23E91 /* ScormTestAppDelegate.m in Sources */,
				0A52C1791377233F00A23E91 /* ScormTest.xcdatamodeld in Sources */,
				0A52C17F1377233F00A23E91 /* DetailViewController.m in Sources */,
				0A52C1851377233F00A23E91 /* RootViewController.m in Sources */,
			);
			runOnlyForDeploymentPostprocessing = 0;
		};
		0A52C1861377233F00A23E91 /* Sources */ = {
			isa = PBXSourcesBuildPhase;
			buildActionMask = 2147483647;
			files = (
				0A52C19C1377233F00A23E91 /* ScormTestTests.m in Sources */,
			);
			runOnlyForDeploymentPostprocessing = 0;
		};
/* End PBXSourcesBuildPhase section */

/* Begin PBXTargetDependency section */
		0A52C1911377233F00A23E91 /* PBXTargetDependency */ = {
			isa = PBXTargetDependency;
			target = 0A52C15E1377233E00A23E91 /* ScormTest */;
			targetProxy = 0A52C1901377233F00A23E91 /* PBXContainerItemProxy */;
		};
/* End PBXTargetDependency section */

/* Begin PBXVariantGroup section */
		0A52C16E1377233F00A23E91 /* InfoPlist.strings */ = {
			isa = PBXVariantGroup;
			children = (
				0A52C16F1377233F00A23E91 /* en */,
			);
			name = InfoPlist.strings;
			sourceTree = "<group>";
		};
		0A52C17A1377233F00A23E91 /* MainWindow.xib */ = {
			isa = PBXVariantGroup;
			children = (
				0A52C17B1377233F00A23E91 /* en */,
			);
			name = MainWindow.xib;
			sourceTree = "<group>";
		};
		0A52C1801377233F00A23E91 /* DetailView.xib */ = {
			isa = PBXVariantGroup;
			children = (
				0A52C1811377233F00A23E91 /* en */,
			);
			name = DetailView.xib;
			sourceTree = "<group>";
		};
		0A52C1951377233F00A23E91 /* InfoPlist.strings */ = {
			isa = PBXVariantGroup;
			children = (
				0A52C1961377233F00A23E91 /* en */,
			);
			name = InfoPlist.strings;
			sourceTree = "<group>";
		};
/* End PBXVariantGroup section */

/* Begin XCBuildConfiguration section */
		0A52C19D1377233F00A23E91 /* Debug */ = {
			isa = XCBuildConfiguration;
			buildSettings = {
				ARCHS = "$(ARCHS_UNIVERSAL_IPHONE_OS)";
				"CODE_SIGN_IDENTITY[sdk=iphoneos*]" = "iPhone Developer";
				GCC_C_LANGUAGE_STANDARD = gnu99;
				GCC_OPTIMIZATION_LEVEL = 0;
				GCC_PREPROCESSOR_DEFINITIONS = DEBUG;
				GCC_SYMBOLS_PRIVATE_EXTERN = NO;
				GCC_VERSION = com.apple.compilers.llvmgcc42;
				GCC_WARN_ABOUT_RETURN_TYPE = YES;
				GCC_WARN_UNUSED_VARIABLE = YES;
				IPHONEOS_DEPLOYMENT_TARGET = 4.3;
				SDKROOT = iphoneos;
				TARGETED_DEVICE_FAMILY = 2;
			};
			name = Debug;
		};
		0A52C19E1377233F00A23E91 /* Release */ = {
			isa = XCBuildConfiguration;
			buildSettings = {
				ARCHS = "$(ARCHS_UNIVERSAL_IPHONE_OS)";
				"CODE_SIGN_IDENTITY[sdk=iphoneos*]" = "iPhone Developer";
				GCC_C_LANGUAGE_STANDARD = gnu99;
				GCC_VERSION = com.apple.compilers.llvmgcc42;
				GCC_WARN_ABOUT_RETURN_TYPE = YES;
				GCC_WARN_UNUSED_VARIABLE = YES;
				IPHONEOS_DEPLOYMENT_TARGET = 4.3;
				OTHER_CFLAGS = "-DNS_BLOCK_ASSERTIONS=1";
				SDKROOT = iphoneos;
				TARGETED_DEVICE_FAMILY = 2;
			};
			name = Release;
		};
		0A52C1A01377233F00A23E91 /* Debug */ = {
			isa = XCBuildConfiguration;
			buildSettings = {
				ALWAYS_SEARCH_USER_PATHS = NO;
				COPY_PHASE_STRIP = NO;
				GCC_DYNAMIC_NO_PIC = NO;
				GCC_PRECOMPILE_PREFIX_HEADER = YES;
				GCC_PREFIX_HEADER = "ScormTest/ScormTest-Prefix.pch";
				INFOPLIST_FILE = "ScormTest/ScormTest-Info.plist";
				PRODUCT_NAME = "$(TARGET_NAME)";
				WRAPPER_EXTENSION = app;
			};
			name = Debug;
		};
		0A52C1A11377233F00A23E91 /* Release */ = {
			isa = XCBuildConfiguration;
			buildSettings = {
				ALWAYS_SEARCH_USER_PATHS = NO;
				COPY_PHASE_STRIP = YES;
				GCC_PRECOMPILE_PREFIX_HEADER = YES;
				GCC_PREFIX_HEADER = "ScormTest/ScormTest-Prefix.pch";
				INFOPLIST_FILE = "ScormTest/ScormTest-Info.plist";
				PRODUCT_NAME = "$(TARGET_NAME)";
				VALIDATE_PRODUCT = YES;
				WRAPPER_EXTENSION = app;
			};
			name = Release;
		};
		0A52C1A31377233F00A23E91 /* Debug */ = {
			isa = XCBuildConfiguration;
			buildSettings = {
				ALWAYS_SEARCH_USER_PATHS = NO;
				ARCHS = "$(ARCHS_STANDARD_32_BIT)";
				BUNDLE_LOADER = "$(BUILT_PRODUCTS_DIR)/ScormTest.app/ScormTest";
				FRAMEWORK_SEARCH_PATHS = (
					"$(SDKROOT)/Developer/Library/Frameworks",
					"$(DEVELOPER_LIBRARY_DIR)/Frameworks",
				);
				GCC_PRECOMPILE_PREFIX_HEADER = YES;
				GCC_PREFIX_HEADER = "ScormTestTests/ScormTestTests-Prefix.pch";
				INFOPLIST_FILE = "ScormTestTests/ScormTestTests-Info.plist";
				OTHER_LDFLAGS = (
					"-framework",
					SenTestingKit,
				);
				PRODUCT_NAME = "$(TARGET_NAME)";
				TEST_HOST = "$(BUNDLE_LOADER)";
				WRAPPER_EXTENSION = octest;
			};
			name = Debug;
		};
		0A52C1A41377233F00A23E91 /* Release */ = {
			isa = XCBuildConfiguration;
			buildSettings = {
				ALWAYS_SEARCH_USER_PATHS = NO;
				ARCHS = "$(ARCHS_STANDARD_32_BIT)";
				BUNDLE_LOADER = "$(BUILT_PRODUCTS_DIR)/ScormTest.app/ScormTest";
				FRAMEWORK_SEARCH_PATHS = (
					"$(SDKROOT)/Developer/Library/Frameworks",
					"$(DEVELOPER_LIBRARY_DIR)/Frameworks",
				);
				GCC_PRECOMPILE_PREFIX_HEADER = YES;
				GCC_PREFIX_HEADER = "ScormTestTests/ScormTestTests-Prefix.pch";
				INFOPLIST_FILE = "ScormTestTests/ScormTestTests-Info.plist";
				OTHER_LDFLAGS = (
					"-framework",
					SenTestingKit,
				);
				PRODUCT_NAME = "$(TARGET_NAME)";
				TEST_HOST = "$(BUNDLE_LOADER)";
				WRAPPER_EXTENSION = octest;
			};
			name = Release;
		};
/* End XCBuildConfiguration section */

/* Begin XCConfigurationList section */
		0A52C1591377233E00A23E91 /* Build configuration list for PBXProject "ScormTest" */ = {
			isa = XCConfigurationList;
			buildConfigurations = (
				0A52C19D1377233F00A23E91 /* Debug */,
				0A52C19E1377233F00A23E91 /* Release */,
			);
			defaultConfigurationIsVisible = 0;
			defaultConfigurationName = Release;
		};
		0A52C19F1377233F00A23E91 /* Build configuration list for PBXNativeTarget "ScormTest" */ = {
			isa = XCConfigurationList;
			buildConfigurations = (
				0A52C1A01377233F00A23E91 /* Debug */,
				0A52C1A11377233F00A23E91 /* Release */,
			);
			defaultConfigurationIsVisible = 0;
		};
		0A52C1A21377233F00A23E91 /* Build configuration list for PBXNativeTarget "ScormTestTests" */ = {
			isa = XCConfigurationList;
			buildConfigurations = (
				0A52C1A31377233F00A23E91 /* Debug */,
				0A52C1A41377233F00A23E91 /* Release */,
			);
			defaultConfigurationIsVisible = 0;
		};
/* End XCConfigurationList section */

/* Begin XCVersionGroup section */
		0A52C1771377233F00A23E91 /* ScormTest.xcdatamodeld */ = {
			isa = XCVersionGroup;
			children = (
				0A52C1781377233F00A23E91 /* ScormTest.xcdatamodel */,
			);
			currentVersion = 0A52C1781377233F00A23E91 /* ScormTest.xcdatamodel */;
			path = ScormTest.xcdatamodeld;
			sourceTree = "<group>";
			versionGroupType = wrapper.xcdatamodel;
		};
/* End XCVersionGroup section */
	};
	rootObject = 0A52C1561377233E00A23E91 /* Project object */;
}
